
Microsoft Visual Studio Solution File, Format Version 12.00
# Visual Studio Version 16
VisualStudioVersion = 16.0.30320.27
MinimumVisualStudioVersion = 10.0.40219.1
Project("{FAE04EC0-301F-11D3-BF4B-00C04F79EFBC}") = "testdelete", "testdelete\testdelete.csproj", "{EB0BC2A5-0481-4632-B74E-84D5091AB7DD}"
EndProject
Global
	GlobalSection(SolutionConfigurationPlatforms) = preSolution
		Debug|Any CPU = Debug|Any CPU
		Release|Any CPU = Release|Any CPU
	EndGlobalSection
	GlobalSection(ProjectConfigurationPlatforms) = postSolution
		{EB0BC2A5-0481-4632-B74E-84D5091AB7DD}.Debug|Any CPU.ActiveCfg = Debug|Any CPU
		{EB0BC2A5-0481-4632-B74E-84D5091AB7DD}.Debug|Any CPU.Build.0 = Debug|Any CPU
		{EB0BC2A5-0481-4632-B74E-84D5091AB7DD}.Release|Any CPU.ActiveCfg = Release|Any CPU
		{EB0BC2A5-0481-4632-B74E-84D5091AB7DD}.Release|Any CPU.Build.0 = Release|Any CPU
	EndGlobalSection
	GlobalSection(SolutionProperties) = preSolution
		HideSolutionNode = FALSE
	EndGlobalSection
	GlobalSection(ExtensibilityGlobals) = postSolution
		SolutionGuid = {6384A5C0-3DEF-42D1-9718-E95632369276}
	EndGlobalSection
EndGlobal
